
Microsoft Visual Studio Solution File, Format Version 12.00
# Visual Studio Version 16
VisualStudioVersion = 16.0.31313.79
MinimumVisualStudioVersion = 10.0.40219.1
Project("{9A19103F-16F7-4668-BE54-9A1E7A4F7556}") = "P1", "P1.csproj", "{1E6ACE1F-D9FB-49AD-8FB2-5C2D9F4C983D}"
EndProject
Global
	GlobalSection(SolutionConfigurationPlatforms) = preSolution
		Debug|Any CPU = Debug|Any CPU
		Release|Any CPU = Release|Any CPU
	EndGlobalSection
	GlobalSection(ProjectConfigurationPlatforms) = postSolution
		{1E6ACE1F-D9FB-49AD-8FB2-5C2D9F4C983D}.Debug|Any CPU.ActiveCfg = Debug|Any CPU
		{1E6ACE1F-D9FB-49AD-8FB2-5C2D9F4C983D}.Debug|Any CPU.Build.0 = Debug|Any CPU
		{1E6ACE1F-D9FB-49AD-8FB2-5C2D9F4C983D}.Release|Any CPU.ActiveCfg = Release|Any CPU
		{1E6ACE1F-D9FB-49AD-8FB2-5C2D9F4C983D}.Release|Any CPU.Build.0 = Release|Any CPU
	EndGlobalSection
	GlobalSection(SolutionProperties) = preSolution
		HideSolutionNode = FALSE
	EndGlobalSection
	GlobalSection(ExtensibilityGlobals) = postSolution
		SolutionGuid = {63D51AEC-99BB-4BDE-936A-5F1411175E6E}
	EndGlobalSection
EndGlobal
