
Microsoft Visual Studio Solution File, Format Version 12.00
# Visual Studio Version 16
VisualStudioVersion = 16.0.31313.79
MinimumVisualStudioVersion = 10.0.40219.1
Project("{FAE04EC0-301F-11D3-BF4B-00C04F79EFBC}") = "P6Client", "P6Client.csproj", "{78032C1F-916E-4EDE-A986-E9E060C8DBC1}"
EndProject
Global
	GlobalSection(SolutionConfigurationPlatforms) = preSolution
		Debug|Any CPU = Debug|Any CPU
		Release|Any CPU = Release|Any CPU
	EndGlobalSection
	GlobalSection(ProjectConfigurationPlatforms) = postSolution
		{78032C1F-916E-4EDE-A986-E9E060C8DBC1}.Debug|Any CPU.ActiveCfg = Debug|Any CPU
		{78032C1F-916E-4EDE-A986-E9E060C8DBC1}.Debug|Any CPU.Build.0 = Debug|Any CPU
		{78032C1F-916E-4EDE-A986-E9E060C8DBC1}.Release|Any CPU.ActiveCfg = Release|Any CPU
		{78032C1F-916E-4EDE-A986-E9E060C8DBC1}.Release|Any CPU.Build.0 = Release|Any CPU
	EndGlobalSection
	GlobalSection(SolutionProperties) = preSolution
		HideSolutionNode = FALSE
	EndGlobalSection
	GlobalSection(ExtensibilityGlobals) = postSolution
		SolutionGuid = {B70B2C07-0DB4-427D-9F29-EA2759DC6D2D}
	EndGlobalSection
EndGlobal
